
Microsoft Visual Studio Solution File, Format Version 12.00
# Visual Studio 14
VisualStudioVersion = 14.0.25420.1
MinimumVisualStudioVersion = 10.0.40219.1
Project("{8BC9CEB8-8B4A-11D0-8D11-00A0C91BC942}") = "DriverTestXp", "DriverTestXp\DriverTestXp.vcxproj", "{4DFE341F-92B6-4B8B-BBB4-2DEB7451CD1C}"
EndProject
Project("{8BC9CEB8-8B4A-11D0-8D11-00A0C91BC942}") = "MyDriver", "MyDriver\MyDriver.vcxproj", "{74C7A5D5-A136-4A45-A760-F6BC7AA9B6EE}"
EndProject
Project("{8BC9CEB8-8B4A-11D0-8D11-00A0C91BC942}") = "MyDriverApp", "MyDriverApp\MyDriverApp.vcxproj", "{32474DC0-D171-4351-9F25-F53A543A10BF}"
EndProject
Project("{8BC9CEB8-8B4A-11D0-8D11-00A0C91BC942}") = "SSDTHooK", "SSDTHooK\SSDTHooK.vcxproj", "{0A41F4FF-C33D-4AF6-B68B-EE7B5FD0C5B1}"
EndProject
Global
	GlobalSection(SolutionConfigurationPlatforms) = preSolution
		Debug|ARM = Debug|ARM
		Debug|ARM64 = Debug|ARM64
		Debug|x64 = Debug|x64
		Debug|x86 = Debug|x86
		Release|ARM = Release|ARM
		Release|ARM64 = Release|ARM64
		Release|x64 = Release|x64
		Release|x86 = Release|x86
	EndGlobalSection
	GlobalSection(ProjectConfigurationPlatforms) = postSolution
		{4DFE341F-92B6-4B8B-BBB4-2DEB7451CD1C}.Debug|ARM.ActiveCfg = Debug|Win32
		{4DFE341F-92B6-4B8B-BBB4-2DEB7451CD1C}.Debug|ARM64.ActiveCfg = Debug|Win32
		{4DFE341F-92B6-4B8B-BBB4-2DEB7451CD1C}.Debug|x64.ActiveCfg = Debug|x64
		{4DFE341F-92B6-4B8B-BBB4-2DEB7451CD1C}.Debug|x64.Build.0 = Debug|x64
		{4DFE341F-92B6-4B8B-BBB4-2DEB7451CD1C}.Debug|x86.ActiveCfg = Debug|Win32
		{4DFE341F-92B6-4B8B-BBB4-2DEB7451CD1C}.Debug|x86.Build.0 = Debug|Win32
		{4DFE341F-92B6-4B8B-BBB4-2DEB7451CD1C}.Release|ARM.ActiveCfg = Release|Win32
		{4DFE341F-92B6-4B8B-BBB4-2DEB7451CD1C}.Release|ARM64.ActiveCfg = Release|Win32
		{4DFE341F-92B6-4B8B-BBB4-2DEB7451CD1C}.Release|x64.ActiveCfg = Release|x64
		{4DFE341F-92B6-4B8B-BBB4-2DEB7451CD1C}.Release|x64.Build.0 = Release|x64
		{4DFE341F-92B6-4B8B-BBB4-2DEB7451CD1C}.Release|x86.ActiveCfg = Release|Win32
		{4DFE341F-92B6-4B8B-BBB4-2DEB7451CD1C}.Release|x86.Build.0 = Release|Win32
		{74C7A5D5-A136-4A45-A760-F6BC7AA9B6EE}.Debug|ARM.ActiveCfg = Debug|ARM
		{74C7A5D5-A136-4A45-A760-F6BC7AA9B6EE}.Debug|ARM.Build.0 = Debug|ARM
		{74C7A5D5-A136-4A45-A760-F6BC7AA9B6EE}.Debug|ARM.Deploy.0 = Debug|ARM
		{74C7A5D5-A136-4A45-A760-F6BC7AA9B6EE}.Debug|ARM64.ActiveCfg = Debug|ARM64
		{74C7A5D5-A136-4A45-A760-F6BC7AA9B6EE}.Debug|ARM64.Build.0 = Debug|ARM64
		{74C7A5D5-A136-4A45-A760-F6BC7AA9B6EE}.Debug|ARM64.Deploy.0 = Debug|ARM64
		{74C7A5D5-A136-4A45-A760-F6BC7AA9B6EE}.Debug|x64.ActiveCfg = Debug|x64
		{74C7A5D5-A136-4A45-A760-F6BC7AA9B6EE}.Debug|x64.Build.0 = Debug|x64
		{74C7A5D5-A136-4A45-A760-F6BC7AA9B6EE}.Debug|x64.Deploy.0 = Debug|x64
		{74C7A5D5-A136-4A45-A760-F6BC7AA9B6EE}.Debug|x86.ActiveCfg = Debug|Win32
		{74C7A5D5-A136-4A45-A760-F6BC7AA9B6EE}.Debug|x86.Build.0 = Debug|Win32
		{74C7A5D5-A136-4A45-A760-F6BC7AA9B6EE}.Release|ARM.ActiveCfg = Release|ARM
		{74C7A5D5-A136-4A45-A760-F6BC7AA9B6EE}.Release|ARM.Build.0 = Release|ARM
		{74C7A5D5-A136-4A45-A760-F6BC7AA9B6EE}.Release|ARM.Deploy.0 = Release|ARM
		{74C7A5D5-A136-4A45-A760-F6BC7AA9B6EE}.Release|ARM64.ActiveCfg = Release|ARM64
		{74C7A5D5-A136-4A45-A760-F6BC7AA9B6EE}.Release|ARM64.Build.0 = Release|ARM64
		{74C7A5D5-A136-4A45-A760-F6BC7AA9B6EE}.Release|ARM64.Deploy.0 = Release|ARM64
		{74C7A5D5-A136-4A45-A760-F6BC7AA9B6EE}.Release|x64.ActiveCfg = Release|x64
		{74C7A5D5-A136-4A45-A760-F6BC7AA9B6EE}.Release|x64.Build.0 = Release|x64
		{74C7A5D5-A136-4A45-A760-F6BC7AA9B6EE}.Release|x64.Deploy.0 = Release|x64
		{74C7A5D5-A136-4A45-A760-F6BC7AA9B6EE}.Release|x86.ActiveCfg = Release|Win32
		{74C7A5D5-A136-4A45-A760-F6BC7AA9B6EE}.Release|x86.Build.0 = Release|Win32
		{74C7A5D5-A136-4A45-A760-F6BC7AA9B6EE}.Release|x86.Deploy.0 = Release|Win32
		{32474DC0-D171-4351-9F25-F53A543A10BF}.Debug|ARM.ActiveCfg = Debug|Win32
		{32474DC0-D171-4351-9F25-F53A543A10BF}.Debug|ARM64.ActiveCfg = Debug|Win32
		{32474DC0-D171-4351-9F25-F53A543A10BF}.Debug|x64.ActiveCfg = Debug|x64
		{32474DC0-D171-4351-9F25-F53A543A10BF}.Debug|x64.Build.0 = Debug|x64
		{32474DC0-D171-4351-9F25-F53A543A10BF}.Debug|x86.ActiveCfg = Debug|Win32
		{32474DC0-D171-4351-9F25-F53A543A10BF}.Debug|x86.Build.0 = Debug|Win32
		{32474DC0-D171-4351-9F25-F53A543A10BF}.Debug|x86.Deploy.0 = Debug|Win32
		{32474DC0-D171-4351-9F25-F53A543A10BF}.Release|ARM.ActiveCfg = Release|Win32
		{32474DC0-D171-4351-9F25-F53A543A10BF}.Release|ARM64.ActiveCfg = Release|Win32
		{32474DC0-D171-4351-9F25-F53A543A10BF}.Release|x64.ActiveCfg = Release|x64
		{32474DC0-D171-4351-9F25-F53A543A10BF}.Release|x64.Build.0 = Release|x64
		{32474DC0-D171-4351-9F25-F53A543A10BF}.Release|x86.ActiveCfg = Release|Win32
		{32474DC0-D171-4351-9F25-F53A543A10BF}.Release|x86.Build.0 = Release|Win32
		{0A41F4FF-C33D-4AF6-B68B-EE7B5FD0C5B1}.Debug|ARM.ActiveCfg = Debug|ARM
		{0A41F4FF-C33D-4AF6-B68B-EE7B5FD0C5B1}.Debug|ARM.Build.0 = Debug|ARM
		{0A41F4FF-C33D-4AF6-B68B-EE7B5FD0C5B1}.Debug|ARM.Deploy.0 = Debug|ARM
		{0A41F4FF-C33D-4AF6-B68B-EE7B5FD0C5B1}.Debug|ARM64.ActiveCfg = Debug|ARM64
		{0A41F4FF-C33D-4AF6-B68B-EE7B5FD0C5B1}.Debug|ARM64.Build.0 = Debug|ARM64
		{0A41F4FF-C33D-4AF6-B68B-EE7B5FD0C5B1}.Debug|ARM64.Deploy.0 = Debug|ARM64
		{0A41F4FF-C33D-4AF6-B68B-EE7B5FD0C5B1}.Debug|x64.ActiveCfg = Debug|x64
		{0A41F4FF-C33D-4AF6-B68B-EE7B5FD0C5B1}.Debug|x64.Build.0 = Debug|x64
		{0A41F4FF-C33D-4AF6-B68B-EE7B5FD0C5B1}.Debug|x64.Deploy.0 = Debug|x64
		{0A41F4FF-C33D-4AF6-B68B-EE7B5FD0C5B1}.Debug|x86.ActiveCfg = Debug|Win32
		{0A41F4FF-C33D-4AF6-B68B-EE7B5FD0C5B1}.Debug|x86.Build.0 = Debug|Win32
		{0A41F4FF-C33D-4AF6-B68B-EE7B5FD0C5B1}.Debug|x86.Deploy.0 = Debug|Win32
		{0A41F4FF-C33D-4AF6-B68B-EE7B5FD0C5B1}.Release|ARM.ActiveCfg = Release|ARM
		{0A41F4FF-C33D-4AF6-B68B-EE7B5FD0C5B1}.Release|ARM.Build.0 = Release|ARM
		{0A41F4FF-C33D-4AF6-B68B-EE7B5FD0C5B1}.Release|ARM.Deploy.0 = Release|ARM
		{0A41F4FF-C33D-4AF6-B68B-EE7B5FD0C5B1}.Release|ARM64.ActiveCfg = Release|ARM64
		{0A41F4FF-C33D-4AF6-B68B-EE7B5FD0C5B1}.Release|ARM64.Build.0 = Release|ARM64
		{0A41F4FF-C33D-4AF6-B68B-EE7B5FD0C5B1}.Release|ARM64.Deploy.0 = Release|ARM64
		{0A41F4FF-C33D-4AF6-B68B-EE7B5FD0C5B1}.Release|x64.ActiveCfg = Release|x64
		{0A41F4FF-C33D-4AF6-B68B-EE7B5FD0C5B1}.Release|x64.Build.0 = Release|x64
		{0A41F4FF-C33D-4AF6-B68B-EE7B5FD0C5B1}.Release|x64.Deploy.0 = Release|x64
		{0A41F4FF-C33D-4AF6-B68B-EE7B5FD0C5B1}.Release|x86.ActiveCfg = Release|Win32
		{0A41F4FF-C33D-4AF6-B68B-EE7B5FD0C5B1}.Release|x86.Build.0 = Release|Win32
		{0A41F4FF-C33D-4AF6-B68B-EE7B5FD0C5B1}.Release|x86.Deploy.0 = Release|Win32
	EndGlobalSection
	GlobalSection(SolutionProperties) = preSolution
		HideSolutionNode = FALSE
	EndGlobalSection
EndGlobal
